
Microsoft Visual Studio Solution File, Format Version 12.00
# Visual Studio 15
VisualStudioVersion = 15.0.28307.168
MinimumVisualStudioVersion = 10.0.40219.1
Project("{8BC9CEB8-8B4A-11D0-8D11-00A0C91BC942}") = "AVP_CUDA_1", "AVP_CUDA_1\AVP_CUDA_1.vcxproj", "{43B7A7BD-774E-4B11-8072-2C04CB144A35}"
EndProject
Global
	GlobalSection(SolutionConfigurationPlatforms) = preSolution
		Debug|x64 = Debug|x64
		Release|x64 = Release|x64
	EndGlobalSection
	GlobalSection(ProjectConfigurationPlatforms) = postSolution
		{43B7A7BD-774E-4B11-8072-2C04CB144A35}.Debug|x64.ActiveCfg = Debug|x64
		{43B7A7BD-774E-4B11-8072-2C04CB144A35}.Debug|x64.Build.0 = Debug|x64
		{43B7A7BD-774E-4B11-8072-2C04CB144A35}.Release|x64.ActiveCfg = Release|x64
		{43B7A7BD-774E-4B11-8072-2C04CB144A35}.Release|x64.Build.0 = Release|x64
	EndGlobalSection
	GlobalSection(SolutionProperties) = preSolution
		HideSolutionNode = FALSE
	EndGlobalSection
	GlobalSection(ExtensibilityGlobals) = postSolution
		SolutionGuid = {A2CA4841-2AA8-413A-8FF3-B1B9407741CF}
	EndGlobalSection
EndGlobal
